{
  "name": "common",
  "version": "1.0.0",
  "lockfileVersion": 1,
  "requires": true,
  "dependencies": {
    "@firebase/app-types": {
      "version": "0.3.4",
      "resolved": "https://registry.npmjs.org/@firebase/app-types/-/app-types-0.3.4.tgz",
      "integrity": "sha512-XIc1wu7CJ0469STQPwyuokcBGFpRr7BVKKdajj/wAxzNntatDTXo1jdGfmjA8UYcuvW+QJmMkOE9KIOf5HgSzw==",
      "dev": true
    },
    "@firebase/firestore-types": {
      "version": "1.0.2",
      "resolved": "https://registry.npmjs.org/@firebase/firestore-types/-/firestore-types-1.0.2.tgz",
      "integrity": "sha512-VJFxX3gC8hRm+UiKFk4rniQro3hRzeN9jFmmc2qq0qOO2KXrArc49tl7mj2c9pNPT+8la2xnmNXZ3g7ddJyd8Q==",
      "dev": true
    },
    "typescript": {
      "version": "3.8.2",
      "resolved": "https://registry.npmjs.org/typescript/-/typescript-3.8.2.tgz",
      "integrity": "sha512-EgOVgL/4xfVrCMbhYKUQTdF37SQn4Iw73H5BgCrF1Abdun7Kwy/QZsE/ssAy0y4LxBbvua3PIbFsbRczWWnDdQ==",
      "dev": true
    }
  }
}
